
Microsoft Visual Studio Solution File, Format Version 12.00
# Visual Studio Version 16
VisualStudioVersion = 16.0.31005.135
MinimumVisualStudioVersion = 10.0.40219.1
Project("{9A19103F-16F7-4668-BE54-9A1E7A4F7556}") = "ProgrammingLab", "ProgrammingLab\ProgrammingLab.csproj", "{5DFCE906-418D-4DD8-AC34-BFAF50847DA4}"
EndProject
Project("{9A19103F-16F7-4668-BE54-9A1E7A4F7556}") = "Algorithms", "Algorithms\Algorithms.csproj", "{58344B4A-9F04-43D5-94A2-E92561E03F82}"
EndProject
Project("{9A19103F-16F7-4668-BE54-9A1E7A4F7556}") = "Tests", "Tests\Tests.csproj", "{0E8EF4F4-B30A-4F43-9BE3-BB185407DCAD}"
EndProject
Project("{FAE04EC0-301F-11D3-BF4B-00C04F79EFBC}") = "SortAlgorithm", "SortAlgorithm\SortAlgorithm.csproj", "{75320DB9-397D-404C-80BD-755D4442F977}"
EndProject
Global
	GlobalSection(SolutionConfigurationPlatforms) = preSolution
		Debug|Any CPU = Debug|Any CPU
		Release|Any CPU = Release|Any CPU
	EndGlobalSection
	GlobalSection(ProjectConfigurationPlatforms) = postSolution
		{5DFCE906-418D-4DD8-AC34-BFAF50847DA4}.Debug|Any CPU.ActiveCfg = Debug|Any CPU
		{5DFCE906-418D-4DD8-AC34-BFAF50847DA4}.Debug|Any CPU.Build.0 = Debug|Any CPU
		{5DFCE906-418D-4DD8-AC34-BFAF50847DA4}.Release|Any CPU.ActiveCfg = Release|Any CPU
		{5DFCE906-418D-4DD8-AC34-BFAF50847DA4}.Release|Any CPU.Build.0 = Release|Any CPU
		{58344B4A-9F04-43D5-94A2-E92561E03F82}.Debug|Any CPU.ActiveCfg = Debug|Any CPU
		{58344B4A-9F04-43D5-94A2-E92561E03F82}.Debug|Any CPU.Build.0 = Debug|Any CPU
		{58344B4A-9F04-43D5-94A2-E92561E03F82}.Release|Any CPU.ActiveCfg = Release|Any CPU
		{58344B4A-9F04-43D5-94A2-E92561E03F82}.Release|Any CPU.Build.0 = Release|Any CPU
		{0E8EF4F4-B30A-4F43-9BE3-BB185407DCAD}.Debug|Any CPU.ActiveCfg = Debug|Any CPU
		{0E8EF4F4-B30A-4F43-9BE3-BB185407DCAD}.Debug|Any CPU.Build.0 = Debug|Any CPU
		{0E8EF4F4-B30A-4F43-9BE3-BB185407DCAD}.Release|Any CPU.ActiveCfg = Release|Any CPU
		{0E8EF4F4-B30A-4F43-9BE3-BB185407DCAD}.Release|Any CPU.Build.0 = Release|Any CPU
		{75320DB9-397D-404C-80BD-755D4442F977}.Debug|Any CPU.ActiveCfg = Debug|Any CPU
		{75320DB9-397D-404C-80BD-755D4442F977}.Debug|Any CPU.Build.0 = Debug|Any CPU
		{75320DB9-397D-404C-80BD-755D4442F977}.Release|Any CPU.ActiveCfg = Release|Any CPU
		{75320DB9-397D-404C-80BD-755D4442F977}.Release|Any CPU.Build.0 = Release|Any CPU
	EndGlobalSection
	GlobalSection(SolutionProperties) = preSolution
		HideSolutionNode = FALSE
	EndGlobalSection
	GlobalSection(ExtensibilityGlobals) = postSolution
		SolutionGuid = {AA397395-339A-48ED-AD44-9F4A713D91A6}
	EndGlobalSection
EndGlobal
